
Microsoft Visual Studio Solution File, Format Version 12.00
# Visual Studio 15
VisualStudioVersion = 15.0.28307.489
MinimumVisualStudioVersion = 10.0.40219.1
Project("{FAE04EC0-301F-11D3-BF4B-00C04F79EFBC}") = "ProjectTwitter.UI", "ProjectTwitter.UI\ProjectTwitter.UI.csproj", "{DB331645-D54F-4099-AE61-A1F61A623B6F}"
EndProject
Global
	GlobalSection(SolutionConfigurationPlatforms) = preSolution
		Debug|Any CPU = Debug|Any CPU
		Release|Any CPU = Release|Any CPU
	EndGlobalSection
	GlobalSection(ProjectConfigurationPlatforms) = postSolution
		{DB331645-D54F-4099-AE61-A1F61A623B6F}.Debug|Any CPU.ActiveCfg = Debug|Any CPU
		{DB331645-D54F-4099-AE61-A1F61A623B6F}.Debug|Any CPU.Build.0 = Debug|Any CPU
		{DB331645-D54F-4099-AE61-A1F61A623B6F}.Release|Any CPU.ActiveCfg = Release|Any CPU
		{DB331645-D54F-4099-AE61-A1F61A623B6F}.Release|Any CPU.Build.0 = Release|Any CPU
	EndGlobalSection
	GlobalSection(SolutionProperties) = preSolution
		HideSolutionNode = FALSE
	EndGlobalSection
	GlobalSection(ExtensibilityGlobals) = postSolution
		SolutionGuid = {09559C6A-5B2C-4DA6-9DCD-DC63808B70AB}
	EndGlobalSection
EndGlobal
